# Declarative Runtime lock. scripts/lib/runtime-lock.sh parses this file as
# data; it is never sourced as shell code.
RUNTIME_LOCK_SCHEMA="1"
RUNTIME_REPOSITORY="https://github.com/Intuition-Lab/personal-model.git"
RUNTIME_COMMIT="3984cc7743e79f8056f8c5c854892932bd41c70b"
RUNTIME_TREE="4c7a1f8a3a63a21f73a36ae16a1cda9cc72258c9"
RUNTIME_PROJECT_NAME="persome-core"
RUNTIME_PROJECT_VERSION="0.3.2"
RUNTIME_CLI="persome"
RUNTIME_INSTALLER_SHA256="c679d8d46d78678eb1ad03ffdaf39e39f652c9192d907e36baaf288c3f7cf64c"
RUNTIME_UNINSTALLER_SHA256="f5af99b94af1dfbf5b6df2cf8a257fbdd2520d52472b300f9937db87f93b5623"
RUNTIME_UV_LOCK_SHA256="a9a655b0f92f93b5342550bba814c037e01dfee289232d655353c4ab0d940cab"
RUNTIME_BUILD_CONSTRAINTS_SHA256="2df05474bb935147cd04263caacef4dc820b6e10cdcf2faa329ecd838156ac0f"
RUNTIME_UV_VERSION="0.10.9"
RUNTIME_UV_AARCH64_SHA256="a92f61e9ac9b0f29668c15f56152e4a60143fca148ff5bfadb86718472c3f376"
RUNTIME_UV_X86_64_SHA256="9cc2de7d195fa157f98b306a8a1cb151ded93f488939b93363cebc8b9d598c28"
